{
  "version": 4,
  "terraform_version": "1.1.3",
  "serial": 233,
  "lineage": "e7665a4d-1116-7e04-9900-640cfa491536",
  "outputs": {},
  "resources": [
    {
      "mode": "managed",
      "type": "aws_s3_bucket",
      "name": "site",
      "provider": "provider[\"registry.terraform.io/hashicorp/aws\"]",
      "instances": [
        {
          "schema_version": 0,
          "attributes": {
            "acceleration_status": "",
            "acl": "public-read",
            "arn": "arn:aws-cn:s3:::4dd33feeecaf.salander0411.top",
            "bucket": "4dd33feeecaf.salander0411.top",
            "bucket_domain_name": "4dd33feeecaf.salander0411.top.s3.amazonaws.com.cn",
            "bucket_prefix": null,
            "bucket_regional_domain_name": "4dd33feeecaf.salander0411.top.s3.cn-north-1.amazonaws.com.cn",
            "cors_rule": [],
            "force_destroy": false,
            "grant": [],
            "hosted_zone_id": null,
            "id": "4dd33feeecaf.salander0411.top",
            "lifecycle_rule": [],
            "logging": [],
            "object_lock_configuration": [],
            "policy": null,
            "region": "cn-north-1",
            "replication_configuration": [],
            "request_payer": "BucketOwner",
            "server_side_encryption_configuration": [],
            "tags": {},
            "tags_all": {},
            "versioning": [
              {
                "enabled": false,
                "mfa_delete": false
              }
            ],
            "website": [
              {
                "error_document": "index.html",
                "index_document": "index.html",
                "redirect_all_requests_to": "",
                "routing_rules": ""
              }
            ],
            "website_domain": "s3-website.cn-north-1.amazonaws.com.cn",
            "website_endpoint": "4dd33feeecaf.salander0411.top.s3-website.cn-north-1.amazonaws.com.cn"
          },
          "sensitive_attributes": [],
          "private": "bnVsbA==",
          "dependencies": [
            "random_id.bucket-prefix"
          ]
        }
      ]
    },
    {
      "mode": "managed",
      "type": "random_id",
      "name": "bucket-prefix",
      "provider": "provider[\"registry.terraform.io/hashicorp/random\"]",
      "instances": [
        {
          "schema_version": 0,
          "attributes": {
            "b64_std": "TdM/7uyv",
            "b64_url": "TdM_7uyv",
            "byte_length": 6,
            "dec": "85569706060975",
            "hex": "4dd33feeecaf",
            "id": "TdM_7uyv",
            "keepers": null,
            "prefix": null
          },
          "sensitive_attributes": [],
          "private": "bnVsbA=="
        }
      ]
    }
  ]
}
